
Microsoft Visual Studio Solution File, Format Version 12.00
# Visual Studio Version 17
VisualStudioVersion = 17.2.32526.322
MinimumVisualStudioVersion = 10.0.40219.1
Project("{2150E333-8FDC-42A3-9474-1A3956D46DE8}") = "Solution Items", "Solution Items", "{E9F5716C-9B7F-4583-B95E-EB61EDE8C2DD}"
EndProject
Project("{2150E333-8FDC-42A3-9474-1A3956D46DE8}") = "src", "src", "{42F2E694-0623-49BC-98EA-FB75AF187020}"
EndProject
Project("{2150E333-8FDC-42A3-9474-1A3956D46DE8}") = "tests", "tests", "{B0B42567-5357-441A-9D53-57870B44E94C}"
EndProject
Project("{FAE04EC0-301F-11D3-BF4B-00C04F79EFBC}") = "PublicApi", "PublicApi\PublicApi.csproj", "{A20CC289-6524-46BD-A698-C93F7D4404D1}"
EndProject
Global
	GlobalSection(SolutionConfigurationPlatforms) = preSolution
		Debug|Any CPU = Debug|Any CPU
		Release|Any CPU = Release|Any CPU
	EndGlobalSection
	GlobalSection(ProjectConfigurationPlatforms) = postSolution
		{A20CC289-6524-46BD-A698-C93F7D4404D1}.Debug|Any CPU.ActiveCfg = Debug|Any CPU
		{A20CC289-6524-46BD-A698-C93F7D4404D1}.Debug|Any CPU.Build.0 = Debug|Any CPU
		{A20CC289-6524-46BD-A698-C93F7D4404D1}.Release|Any CPU.ActiveCfg = Release|Any CPU
		{A20CC289-6524-46BD-A698-C93F7D4404D1}.Release|Any CPU.Build.0 = Release|Any CPU
	EndGlobalSection
	GlobalSection(SolutionProperties) = preSolution
		HideSolutionNode = FALSE
	EndGlobalSection
	GlobalSection(NestedProjects) = preSolution
		{A20CC289-6524-46BD-A698-C93F7D4404D1} = {42F2E694-0623-49BC-98EA-FB75AF187020}
	EndGlobalSection
	GlobalSection(ExtensibilityGlobals) = postSolution
		SolutionGuid = {BFD9A035-9303-40E3-A8D8-19623439BD36}
	EndGlobalSection
EndGlobal
